
Microsoft Visual Studio Solution File, Format Version 12.00
# Visual Studio 15
Project("{FAE04EC0-301F-11D3-BF4B-00C04F79EFBC}") = "Assembly-CSharp", "Assembly-CSharp.csproj", "{A821ED88-1FF8-9F34-295E-C6F9DB15A57A}"
EndProject
Project("{FAE04EC0-301F-11D3-BF4B-00C04F79EFBC}") = "Assembly-CSharp-Editor", "Assembly-CSharp-Editor.csproj", "{05D9F951-4CE5-D299-1E0E-957BBA8A3E70}"
EndProject
Global
	GlobalSection(SolutionConfigurationPlatforms) = preSolution
		Debug|Any CPU = Debug|Any CPU
		Release|Any CPU = Release|Any CPU
	EndGlobalSection
	GlobalSection(ProjectConfigurationPlatforms) = postSolution
		{A821ED88-1FF8-9F34-295E-C6F9DB15A57A}.Debug|Any CPU.ActiveCfg = Debug|Any CPU
		{A821ED88-1FF8-9F34-295E-C6F9DB15A57A}.Debug|Any CPU.Build.0 = Debug|Any CPU
		{A821ED88-1FF8-9F34-295E-C6F9DB15A57A}.Release|Any CPU.ActiveCfg = Release|Any CPU
		{A821ED88-1FF8-9F34-295E-C6F9DB15A57A}.Release|Any CPU.Build.0 = Release|Any CPU
		{05D9F951-4CE5-D299-1E0E-957BBA8A3E70}.Debug|Any CPU.ActiveCfg = Debug|Any CPU
		{05D9F951-4CE5-D299-1E0E-957BBA8A3E70}.Debug|Any CPU.Build.0 = Debug|Any CPU
		{05D9F951-4CE5-D299-1E0E-957BBA8A3E70}.Release|Any CPU.ActiveCfg = Release|Any CPU
		{05D9F951-4CE5-D299-1E0E-957BBA8A3E70}.Release|Any CPU.Build.0 = Release|Any CPU
	EndGlobalSection
	GlobalSection(SolutionProperties) = preSolution
		HideSolutionNode = FALSE
	EndGlobalSection
	GlobalSection(MonoDevelopProperties) = preSolution
		StartupItem = Assembly-CSharp.csproj
	EndGlobalSection
EndGlobal
