
Microsoft Visual Studio Solution File, Format Version 12.00
# Visual Studio 15
Project("{FAE04EC0-301F-11D3-BF4B-00C04F79EFBC}") = "SA.iOS", "SA.iOS.csproj", "{192DE6E7-94F3-9238-6F6D-2890574CBD9C}"
EndProject
Project("{FAE04EC0-301F-11D3-BF4B-00C04F79EFBC}") = "Assembly-CSharp", "Assembly-CSharp.csproj", "{49F9A664-11D2-DF9B-17EB-AF4A0153FEE1}"
EndProject
Project("{FAE04EC0-301F-11D3-BF4B-00C04F79EFBC}") = "StansAssets.Foundation", "StansAssets.Foundation.csproj", "{C53D9CDF-003B-522A-FEF5-4B6B58212E2F}"
EndProject
Project("{FAE04EC0-301F-11D3-BF4B-00C04F79EFBC}") = "Assembly-CSharp-firstpass", "Assembly-CSharp-firstpass.csproj", "{D8C4E201-1B16-C92B-F405-2F9F0E414AFE}"
EndProject
Project("{FAE04EC0-301F-11D3-BF4B-00C04F79EFBC}") = "SA.Foundation", "SA.Foundation.csproj", "{1C5B9D34-9D75-99DC-4BE1-C984FE99E7F5}"
EndProject
Project("{FAE04EC0-301F-11D3-BF4B-00C04F79EFBC}") = "SA.iOS.XCode", "SA.iOS.XCode.csproj", "{F62CC1F5-1D4A-606E-29A2-BB710B25A3D5}"
EndProject
Project("{FAE04EC0-301F-11D3-BF4B-00C04F79EFBC}") = "StansAssets.Foundation.Editor", "StansAssets.Foundation.Editor.csproj", "{24E4BA1C-0F40-2410-9CE2-C0ABE974F7B7}"
EndProject
Project("{FAE04EC0-301F-11D3-BF4B-00C04F79EFBC}") = "Assembly-CSharp-Editor", "Assembly-CSharp-Editor.csproj", "{D8B5E42B-E790-CD98-F081-C2B5A846BFDD}"
EndProject
Project("{FAE04EC0-301F-11D3-BF4B-00C04F79EFBC}") = "SA.Foundation.ThirdParty.Editor", "SA.Foundation.ThirdParty.Editor.csproj", "{DDA59CD1-8952-14A1-548F-10956E8CE8BB}"
EndProject
Project("{FAE04EC0-301F-11D3-BF4B-00C04F79EFBC}") = "SA.iOS.Editor", "SA.iOS.Editor.csproj", "{9DE817B6-A272-9C39-BFE3-11B00DFFD60D}"
EndProject
Project("{FAE04EC0-301F-11D3-BF4B-00C04F79EFBC}") = "SA.Foundation.Editor", "SA.Foundation.Editor.csproj", "{146D03C9-0F7A-5C04-7FAD-038E3E12D577}"
EndProject
Project("{FAE04EC0-301F-11D3-BF4B-00C04F79EFBC}") = "SA.iOS.XCode.Editor", "SA.iOS.XCode.Editor.csproj", "{E9A74A53-C544-CC53-3BAF-0B404D980DD4}"
EndProject
Project("{FAE04EC0-301F-11D3-BF4B-00C04F79EFBC}") = "Assembly-CSharp-Editor-firstpass", "Assembly-CSharp-Editor-firstpass.csproj", "{2A6FA72B-F185-8576-E010-162EE3995D02}"
EndProject
Global
	GlobalSection(SolutionConfigurationPlatforms) = preSolution
		Debug|Any CPU = Debug|Any CPU
		Release|Any CPU = Release|Any CPU
	EndGlobalSection
	GlobalSection(ProjectConfigurationPlatforms) = postSolution
		{192DE6E7-94F3-9238-6F6D-2890574CBD9C}.Debug|Any CPU.ActiveCfg = Debug|Any CPU
		{192DE6E7-94F3-9238-6F6D-2890574CBD9C}.Debug|Any CPU.Build.0 = Debug|Any CPU
		{192DE6E7-94F3-9238-6F6D-2890574CBD9C}.Release|Any CPU.ActiveCfg = Release|Any CPU
		{192DE6E7-94F3-9238-6F6D-2890574CBD9C}.Release|Any CPU.Build.0 = Release|Any CPU
		{49F9A664-11D2-DF9B-17EB-AF4A0153FEE1}.Debug|Any CPU.ActiveCfg = Debug|Any CPU
		{49F9A664-11D2-DF9B-17EB-AF4A0153FEE1}.Debug|Any CPU.Build.0 = Debug|Any CPU
		{49F9A664-11D2-DF9B-17EB-AF4A0153FEE1}.Release|Any CPU.ActiveCfg = Release|Any CPU
		{49F9A664-11D2-DF9B-17EB-AF4A0153FEE1}.Release|Any CPU.Build.0 = Release|Any CPU
		{C53D9CDF-003B-522A-FEF5-4B6B58212E2F}.Debug|Any CPU.ActiveCfg = Debug|Any CPU
		{C53D9CDF-003B-522A-FEF5-4B6B58212E2F}.Debug|Any CPU.Build.0 = Debug|Any CPU
		{C53D9CDF-003B-522A-FEF5-4B6B58212E2F}.Release|Any CPU.ActiveCfg = Release|Any CPU
		{C53D9CDF-003B-522A-FEF5-4B6B58212E2F}.Release|Any CPU.Build.0 = Release|Any CPU
		{D8C4E201-1B16-C92B-F405-2F9F0E414AFE}.Debug|Any CPU.ActiveCfg = Debug|Any CPU
		{D8C4E201-1B16-C92B-F405-2F9F0E414AFE}.Debug|Any CPU.Build.0 = Debug|Any CPU
		{D8C4E201-1B16-C92B-F405-2F9F0E414AFE}.Release|Any CPU.ActiveCfg = Release|Any CPU
		{D8C4E201-1B16-C92B-F405-2F9F0E414AFE}.Release|Any CPU.Build.0 = Release|Any CPU
		{1C5B9D34-9D75-99DC-4BE1-C984FE99E7F5}.Debug|Any CPU.ActiveCfg = Debug|Any CPU
		{1C5B9D34-9D75-99DC-4BE1-C984FE99E7F5}.Debug|Any CPU.Build.0 = Debug|Any CPU
		{1C5B9D34-9D75-99DC-4BE1-C984FE99E7F5}.Release|Any CPU.ActiveCfg = Release|Any CPU
		{1C5B9D34-9D75-99DC-4BE1-C984FE99E7F5}.Release|Any CPU.Build.0 = Release|Any CPU
		{F62CC1F5-1D4A-606E-29A2-BB710B25A3D5}.Debug|Any CPU.ActiveCfg = Debug|Any CPU
		{F62CC1F5-1D4A-606E-29A2-BB710B25A3D5}.Debug|Any CPU.Build.0 = Debug|Any CPU
		{F62CC1F5-1D4A-606E-29A2-BB710B25A3D5}.Release|Any CPU.ActiveCfg = Release|Any CPU
		{F62CC1F5-1D4A-606E-29A2-BB710B25A3D5}.Release|Any CPU.Build.0 = Release|Any CPU
		{24E4BA1C-0F40-2410-9CE2-C0ABE974F7B7}.Debug|Any CPU.ActiveCfg = Debug|Any CPU
		{24E4BA1C-0F40-2410-9CE2-C0ABE974F7B7}.Debug|Any CPU.Build.0 = Debug|Any CPU
		{24E4BA1C-0F40-2410-9CE2-C0ABE974F7B7}.Release|Any CPU.ActiveCfg = Release|Any CPU
		{24E4BA1C-0F40-2410-9CE2-C0ABE974F7B7}.Release|Any CPU.Build.0 = Release|Any CPU
		{D8B5E42B-E790-CD98-F081-C2B5A846BFDD}.Debug|Any CPU.ActiveCfg = Debug|Any CPU
		{D8B5E42B-E790-CD98-F081-C2B5A846BFDD}.Debug|Any CPU.Build.0 = Debug|Any CPU
		{D8B5E42B-E790-CD98-F081-C2B5A846BFDD}.Release|Any CPU.ActiveCfg = Release|Any CPU
		{D8B5E42B-E790-CD98-F081-C2B5A846BFDD}.Release|Any CPU.Build.0 = Release|Any CPU
		{DDA59CD1-8952-14A1-548F-10956E8CE8BB}.Debug|Any CPU.ActiveCfg = Debug|Any CPU
		{DDA59CD1-8952-14A1-548F-10956E8CE8BB}.Debug|Any CPU.Build.0 = Debug|Any CPU
		{DDA59CD1-8952-14A1-548F-10956E8CE8BB}.Release|Any CPU.ActiveCfg = Release|Any CPU
		{DDA59CD1-8952-14A1-548F-10956E8CE8BB}.Release|Any CPU.Build.0 = Release|Any CPU
		{9DE817B6-A272-9C39-BFE3-11B00DFFD60D}.Debug|Any CPU.ActiveCfg = Debug|Any CPU
		{9DE817B6-A272-9C39-BFE3-11B00DFFD60D}.Debug|Any CPU.Build.0 = Debug|Any CPU
		{9DE817B6-A272-9C39-BFE3-11B00DFFD60D}.Release|Any CPU.ActiveCfg = Release|Any CPU
		{9DE817B6-A272-9C39-BFE3-11B00DFFD60D}.Release|Any CPU.Build.0 = Release|Any CPU
		{146D03C9-0F7A-5C04-7FAD-038E3E12D577}.Debug|Any CPU.ActiveCfg = Debug|Any CPU
		{146D03C9-0F7A-5C04-7FAD-038E3E12D577}.Debug|Any CPU.Build.0 = Debug|Any CPU
		{146D03C9-0F7A-5C04-7FAD-038E3E12D577}.Release|Any CPU.ActiveCfg = Release|Any CPU
		{146D03C9-0F7A-5C04-7FAD-038E3E12D577}.Release|Any CPU.Build.0 = Release|Any CPU
		{E9A74A53-C544-CC53-3BAF-0B404D980DD4}.Debug|Any CPU.ActiveCfg = Debug|Any CPU
		{E9A74A53-C544-CC53-3BAF-0B404D980DD4}.Debug|Any CPU.Build.0 = Debug|Any CPU
		{E9A74A53-C544-CC53-3BAF-0B404D980DD4}.Release|Any CPU.ActiveCfg = Release|Any CPU
		{E9A74A53-C544-CC53-3BAF-0B404D980DD4}.Release|Any CPU.Build.0 = Release|Any CPU
		{2A6FA72B-F185-8576-E010-162EE3995D02}.Debug|Any CPU.ActiveCfg = Debug|Any CPU
		{2A6FA72B-F185-8576-E010-162EE3995D02}.Debug|Any CPU.Build.0 = Debug|Any CPU
		{2A6FA72B-F185-8576-E010-162EE3995D02}.Release|Any CPU.ActiveCfg = Release|Any CPU
		{2A6FA72B-F185-8576-E010-162EE3995D02}.Release|Any CPU.Build.0 = Release|Any CPU
	EndGlobalSection
	GlobalSection(SolutionProperties) = preSolution
		HideSolutionNode = FALSE
	EndGlobalSection
	GlobalSection(MonoDevelopProperties) = preSolution
		StartupItem = Assembly-CSharp.csproj
	EndGlobalSection
EndGlobal
